
Microsoft Visual Studio Solution File, Format Version 12.00
# Visual Studio Version 17
VisualStudioVersion = 17.0.31903.59
MinimumVisualStudioVersion = 10.0.40219.1
Project("{FAE04EC0-301F-11D3-BF4B-00C04F79EFBC}") = "ApiFarmacia", "ApiFarmacia\ApiFarmacia.csproj", "{5AE5954F-6E5E-45DC-B169-A1CB5B80AD65}"
EndProject
Project("{FAE04EC0-301F-11D3-BF4B-00C04F79EFBC}") = "Persistencia", "Persistencia\Persistencia.csproj", "{7366A4BB-3AD8-4BC1-BFC3-FFC89F230023}"
EndProject
Project("{FAE04EC0-301F-11D3-BF4B-00C04F79EFBC}") = "Dominio", "Dominio\Dominio.csproj", "{74DCA6B1-D4A0-40D2-95B5-0395643E0578}"
EndProject
Project("{FAE04EC0-301F-11D3-BF4B-00C04F79EFBC}") = "Aplicacion", "Aplicacion\Aplicacion.csproj", "{57DC1A14-4DDD-470F-9512-8F868FF3DF1A}"
EndProject
Global
	GlobalSection(SolutionConfigurationPlatforms) = preSolution
		Debug|Any CPU = Debug|Any CPU
		Release|Any CPU = Release|Any CPU
	EndGlobalSection
	GlobalSection(SolutionProperties) = preSolution
		HideSolutionNode = FALSE
	EndGlobalSection
	GlobalSection(ProjectConfigurationPlatforms) = postSolution
		{5AE5954F-6E5E-45DC-B169-A1CB5B80AD65}.Debug|Any CPU.ActiveCfg = Debug|Any CPU
		{5AE5954F-6E5E-45DC-B169-A1CB5B80AD65}.Debug|Any CPU.Build.0 = Debug|Any CPU
		{5AE5954F-6E5E-45DC-B169-A1CB5B80AD65}.Release|Any CPU.ActiveCfg = Release|Any CPU
		{5AE5954F-6E5E-45DC-B169-A1CB5B80AD65}.Release|Any CPU.Build.0 = Release|Any CPU
		{7366A4BB-3AD8-4BC1-BFC3-FFC89F230023}.Debug|Any CPU.ActiveCfg = Debug|Any CPU
		{7366A4BB-3AD8-4BC1-BFC3-FFC89F230023}.Debug|Any CPU.Build.0 = Debug|Any CPU
		{7366A4BB-3AD8-4BC1-BFC3-FFC89F230023}.Release|Any CPU.ActiveCfg = Release|Any CPU
		{7366A4BB-3AD8-4BC1-BFC3-FFC89F230023}.Release|Any CPU.Build.0 = Release|Any CPU
		{74DCA6B1-D4A0-40D2-95B5-0395643E0578}.Debug|Any CPU.ActiveCfg = Debug|Any CPU
		{74DCA6B1-D4A0-40D2-95B5-0395643E0578}.Debug|Any CPU.Build.0 = Debug|Any CPU
		{74DCA6B1-D4A0-40D2-95B5-0395643E0578}.Release|Any CPU.ActiveCfg = Release|Any CPU
		{74DCA6B1-D4A0-40D2-95B5-0395643E0578}.Release|Any CPU.Build.0 = Release|Any CPU
		{57DC1A14-4DDD-470F-9512-8F868FF3DF1A}.Debug|Any CPU.ActiveCfg = Debug|Any CPU
		{57DC1A14-4DDD-470F-9512-8F868FF3DF1A}.Debug|Any CPU.Build.0 = Debug|Any CPU
		{57DC1A14-4DDD-470F-9512-8F868FF3DF1A}.Release|Any CPU.ActiveCfg = Release|Any CPU
		{57DC1A14-4DDD-470F-9512-8F868FF3DF1A}.Release|Any CPU.Build.0 = Release|Any CPU
	EndGlobalSection
EndGlobal
